
Microsoft Visual Studio Solution File, Format Version 12.00
# Visual Studio Version 17
VisualStudioVersion = 17.13.35931.197
MinimumVisualStudioVersion = 10.0.40219.1
Project("{2150E333-8FDC-42A3-9474-1A3956D46DE8}") = "src", "src", "{02EA681E-C7D8-13C7-8484-4AC65E1B71E8}"
EndProject
Project("{2150E333-8FDC-42A3-9474-1A3956D46DE8}") = "Presentation", "Presentation", "{B8089D04-DB12-4488-B82F-C3F7316848B2}"
EndProject
Project("{2150E333-8FDC-42A3-9474-1A3956D46DE8}") = "Infrastructure", "Infrastructure", "{10CA890C-01DE-40B9-B945-520CE32EE59C}"
EndProject
Project("{FAE04EC0-301F-11D3-BF4B-00C04F79EFBC}") = "Infrastructure.AppProgrammingInt.DataBase.Configuration", "src\Infrastructure\Infrastructure.AppProgrammingInt.DataBase.Configuration\Infrastructure.AppProgrammingInt.DataBase.Configuration.csproj", "{1992A714-D995-4A70-9C40-6CB3F7FEE9C4}"
EndProject
Project("{2150E333-8FDC-42A3-9474-1A3956D46DE8}") = "Domain", "Domain", "{DAFB1456-BC4A-413E-993A-5966B924BE18}"
EndProject
Project("{FAE04EC0-301F-11D3-BF4B-00C04F79EFBC}") = "Domain.AppProgrammingInt", "src\Domain\Domain.AppProgrammingInt.ClientePersona\Domain.AppProgrammingInt.csproj", "{6C18CB28-593D-4F5B-A52D-F6C5B6A2B22E}"
EndProject
Project("{FAE04EC0-301F-11D3-BF4B-00C04F79EFBC}") = "Infrastructure.AppProgrammingInt", "src\Infrastructure\Infrastructure.AppProgrammingInt.ClientePersona\Infrastructure.AppProgrammingInt.csproj", "{030DBEC2-95B2-4639-AB94-AAFDDF69312B}"
EndProject
Project("{FAE04EC0-301F-11D3-BF4B-00C04F79EFBC}") = "Infrastructure.AppProgrammingInt.DataBase.AppProgrammingInt", "src\Infrastructure\Infrastructure.AppProgrammingInt.DataBase.AppProgrammingInt\Infrastructure.AppProgrammingInt.DataBase.AppProgrammingInt.csproj", "{BB375BAD-335E-4EEC-985C-258710E0D41E}"
EndProject
Project("{2150E333-8FDC-42A3-9474-1A3956D46DE8}") = "Application", "Application", "{EF8B43F5-D646-4327-A3BD-141E895A87DE}"
EndProject
Project("{FAE04EC0-301F-11D3-BF4B-00C04F79EFBC}") = "Application.AppProgrammingInt", "src\Application\Application.AppProgrammingInt\Application.AppProgrammingInt.csproj", "{32E67187-9469-4CA1-CE6A-6897A271B550}"
EndProject
Project("{FAE04EC0-301F-11D3-BF4B-00C04F79EFBC}") = "Presentation.ApplicationProgrammingInterface.PersonaCliente", "src\Presentation\Presentation.ApplicationProgrammingInterface\Presentation.ApplicationProgrammingInterface.PersonaCliente.csproj", "{F51435EC-54AE-4E27-B8BC-EACED80453BD}"
EndProject
Project("{FAE04EC0-301F-11D3-BF4B-00C04F79EFBC}") = "Infrastructure.AppProgrammingInt.IOC", "src\Infrastructure\Infrastructure.AppProgrammingInt.IOC\Infrastructure.AppProgrammingInt.IOC.csproj", "{553E8D4C-9848-4056-84DE-A827382073C3}"
EndProject
Project("{FAE04EC0-301F-11D3-BF4B-00C04F79EFBC}") = "Presentation.ApplicationProgrammingInterface.CuentaMovimiento", "src\Presentation\Presentation.ApplicationProgrammingInterface.CuentaMovimiento\Presentation.ApplicationProgrammingInterface.CuentaMovimiento.csproj", "{61E2049E-CF4A-4840-96E3-525225F43C55}"
EndProject
Project("{FAE04EC0-301F-11D3-BF4B-00C04F79EFBC}") = "Infrastructure.AppProgrammingInt.Refit", "Infrastructure\Infrastructure.AppProgrammingInt.Agent\Infrastructure.AppProgrammingInt.Refit.csproj", "{37514F51-1C4F-4F2D-917C-25D4B2F63C51}"
EndProject
Project("{FAE04EC0-301F-11D3-BF4B-00C04F79EFBC}") = "Infrastructure.AppProgrammingInt.Agent.CuentaMovimiento", "Infrastructure\Infrastructure.AppProgrammingInt.Agent.CuentaMovimiento\Infrastructure.AppProgrammingInt.Agent.CuentaMovimiento.csproj", "{56B3A237-49BE-4AA1-826F-B97D0C25EB0D}"
EndProject
Project("{FAE04EC0-301F-11D3-BF4B-00C04F79EFBC}") = "Infrastructure.AppProgrammingInt.Agent.PersonaCliente", "Infrastructure\Infrastructure.AppProgrammingInt.Agent.PersonaCliente\Infrastructure.AppProgrammingInt.Agent.PersonaCliente.csproj", "{E4B486D8-5514-4D98-B794-F5ECC289125B}"
EndProject
Global
	GlobalSection(SolutionConfigurationPlatforms) = preSolution
		Debug|Any CPU = Debug|Any CPU
		Release|Any CPU = Release|Any CPU
	EndGlobalSection
	GlobalSection(ProjectConfigurationPlatforms) = postSolution
		{1992A714-D995-4A70-9C40-6CB3F7FEE9C4}.Debug|Any CPU.ActiveCfg = Debug|Any CPU
		{1992A714-D995-4A70-9C40-6CB3F7FEE9C4}.Debug|Any CPU.Build.0 = Debug|Any CPU
		{1992A714-D995-4A70-9C40-6CB3F7FEE9C4}.Release|Any CPU.ActiveCfg = Release|Any CPU
		{1992A714-D995-4A70-9C40-6CB3F7FEE9C4}.Release|Any CPU.Build.0 = Release|Any CPU
		{6C18CB28-593D-4F5B-A52D-F6C5B6A2B22E}.Debug|Any CPU.ActiveCfg = Debug|Any CPU
		{6C18CB28-593D-4F5B-A52D-F6C5B6A2B22E}.Debug|Any CPU.Build.0 = Debug|Any CPU
		{6C18CB28-593D-4F5B-A52D-F6C5B6A2B22E}.Release|Any CPU.ActiveCfg = Release|Any CPU
		{6C18CB28-593D-4F5B-A52D-F6C5B6A2B22E}.Release|Any CPU.Build.0 = Release|Any CPU
		{030DBEC2-95B2-4639-AB94-AAFDDF69312B}.Debug|Any CPU.ActiveCfg = Debug|Any CPU
		{030DBEC2-95B2-4639-AB94-AAFDDF69312B}.Debug|Any CPU.Build.0 = Debug|Any CPU
		{030DBEC2-95B2-4639-AB94-AAFDDF69312B}.Release|Any CPU.ActiveCfg = Release|Any CPU
		{030DBEC2-95B2-4639-AB94-AAFDDF69312B}.Release|Any CPU.Build.0 = Release|Any CPU
		{BB375BAD-335E-4EEC-985C-258710E0D41E}.Debug|Any CPU.ActiveCfg = Debug|Any CPU
		{BB375BAD-335E-4EEC-985C-258710E0D41E}.Debug|Any CPU.Build.0 = Debug|Any CPU
		{BB375BAD-335E-4EEC-985C-258710E0D41E}.Release|Any CPU.ActiveCfg = Release|Any CPU
		{BB375BAD-335E-4EEC-985C-258710E0D41E}.Release|Any CPU.Build.0 = Release|Any CPU
		{32E67187-9469-4CA1-CE6A-6897A271B550}.Debug|Any CPU.ActiveCfg = Debug|Any CPU
		{32E67187-9469-4CA1-CE6A-6897A271B550}.Debug|Any CPU.Build.0 = Debug|Any CPU
		{32E67187-9469-4CA1-CE6A-6897A271B550}.Release|Any CPU.ActiveCfg = Release|Any CPU
		{32E67187-9469-4CA1-CE6A-6897A271B550}.Release|Any CPU.Build.0 = Release|Any CPU
		{F51435EC-54AE-4E27-B8BC-EACED80453BD}.Debug|Any CPU.ActiveCfg = Debug|Any CPU
		{F51435EC-54AE-4E27-B8BC-EACED80453BD}.Debug|Any CPU.Build.0 = Debug|Any CPU
		{F51435EC-54AE-4E27-B8BC-EACED80453BD}.Release|Any CPU.ActiveCfg = Release|Any CPU
		{F51435EC-54AE-4E27-B8BC-EACED80453BD}.Release|Any CPU.Build.0 = Release|Any CPU
		{553E8D4C-9848-4056-84DE-A827382073C3}.Debug|Any CPU.ActiveCfg = Debug|Any CPU
		{553E8D4C-9848-4056-84DE-A827382073C3}.Debug|Any CPU.Build.0 = Debug|Any CPU
		{553E8D4C-9848-4056-84DE-A827382073C3}.Release|Any CPU.ActiveCfg = Release|Any CPU
		{553E8D4C-9848-4056-84DE-A827382073C3}.Release|Any CPU.Build.0 = Release|Any CPU
		{61E2049E-CF4A-4840-96E3-525225F43C55}.Debug|Any CPU.ActiveCfg = Debug|Any CPU
		{61E2049E-CF4A-4840-96E3-525225F43C55}.Debug|Any CPU.Build.0 = Debug|Any CPU
		{61E2049E-CF4A-4840-96E3-525225F43C55}.Release|Any CPU.ActiveCfg = Release|Any CPU
		{61E2049E-CF4A-4840-96E3-525225F43C55}.Release|Any CPU.Build.0 = Release|Any CPU
		{37514F51-1C4F-4F2D-917C-25D4B2F63C51}.Debug|Any CPU.ActiveCfg = Debug|Any CPU
		{37514F51-1C4F-4F2D-917C-25D4B2F63C51}.Debug|Any CPU.Build.0 = Debug|Any CPU
		{37514F51-1C4F-4F2D-917C-25D4B2F63C51}.Release|Any CPU.ActiveCfg = Release|Any CPU
		{37514F51-1C4F-4F2D-917C-25D4B2F63C51}.Release|Any CPU.Build.0 = Release|Any CPU
		{56B3A237-49BE-4AA1-826F-B97D0C25EB0D}.Debug|Any CPU.ActiveCfg = Debug|Any CPU
		{56B3A237-49BE-4AA1-826F-B97D0C25EB0D}.Debug|Any CPU.Build.0 = Debug|Any CPU
		{56B3A237-49BE-4AA1-826F-B97D0C25EB0D}.Release|Any CPU.ActiveCfg = Release|Any CPU
		{56B3A237-49BE-4AA1-826F-B97D0C25EB0D}.Release|Any CPU.Build.0 = Release|Any CPU
		{E4B486D8-5514-4D98-B794-F5ECC289125B}.Debug|Any CPU.ActiveCfg = Debug|Any CPU
		{E4B486D8-5514-4D98-B794-F5ECC289125B}.Debug|Any CPU.Build.0 = Debug|Any CPU
		{E4B486D8-5514-4D98-B794-F5ECC289125B}.Release|Any CPU.ActiveCfg = Release|Any CPU
		{E4B486D8-5514-4D98-B794-F5ECC289125B}.Release|Any CPU.Build.0 = Release|Any CPU
	EndGlobalSection
	GlobalSection(SolutionProperties) = preSolution
		HideSolutionNode = FALSE
	EndGlobalSection
	GlobalSection(NestedProjects) = preSolution
		{B8089D04-DB12-4488-B82F-C3F7316848B2} = {02EA681E-C7D8-13C7-8484-4AC65E1B71E8}
		{10CA890C-01DE-40B9-B945-520CE32EE59C} = {02EA681E-C7D8-13C7-8484-4AC65E1B71E8}
		{1992A714-D995-4A70-9C40-6CB3F7FEE9C4} = {10CA890C-01DE-40B9-B945-520CE32EE59C}
		{DAFB1456-BC4A-413E-993A-5966B924BE18} = {02EA681E-C7D8-13C7-8484-4AC65E1B71E8}
		{6C18CB28-593D-4F5B-A52D-F6C5B6A2B22E} = {DAFB1456-BC4A-413E-993A-5966B924BE18}
		{030DBEC2-95B2-4639-AB94-AAFDDF69312B} = {10CA890C-01DE-40B9-B945-520CE32EE59C}
		{BB375BAD-335E-4EEC-985C-258710E0D41E} = {10CA890C-01DE-40B9-B945-520CE32EE59C}
		{EF8B43F5-D646-4327-A3BD-141E895A87DE} = {02EA681E-C7D8-13C7-8484-4AC65E1B71E8}
		{32E67187-9469-4CA1-CE6A-6897A271B550} = {EF8B43F5-D646-4327-A3BD-141E895A87DE}
		{F51435EC-54AE-4E27-B8BC-EACED80453BD} = {B8089D04-DB12-4488-B82F-C3F7316848B2}
		{553E8D4C-9848-4056-84DE-A827382073C3} = {10CA890C-01DE-40B9-B945-520CE32EE59C}
		{61E2049E-CF4A-4840-96E3-525225F43C55} = {B8089D04-DB12-4488-B82F-C3F7316848B2}
		{37514F51-1C4F-4F2D-917C-25D4B2F63C51} = {10CA890C-01DE-40B9-B945-520CE32EE59C}
		{56B3A237-49BE-4AA1-826F-B97D0C25EB0D} = {10CA890C-01DE-40B9-B945-520CE32EE59C}
		{E4B486D8-5514-4D98-B794-F5ECC289125B} = {10CA890C-01DE-40B9-B945-520CE32EE59C}
	EndGlobalSection
	GlobalSection(ExtensibilityGlobals) = postSolution
		SolutionGuid = {DDDA7753-8CC6-4ED0-9A31-0C9BF66DF5E6}
	EndGlobalSection
EndGlobal
